// !$*UTF8*$!
{
	archiveVersion = 1;
	classes = {
	};
	objectVersion = 50;
	objects = {

/* Begin PBXBuildFile section */
		EA19BE8E2533F31800395E8C /* AppDelegate.swift in Sources */ = {isa = PBXBuildFile; fileRef = EA19BE8D2533F31800395E8C /* AppDelegate.swift */; };
		EA19BE902533F31800395E8C /* SceneDelegate.swift in Sources */ = {isa = PBXBuildFile; fileRef = EA19BE8F2533F31800395E8C /* SceneDelegate.swift */; };
		EA19BE972533F31A00395E8C /* Assets.xcassets in Resources */ = {isa = PBXBuildFile; fileRef = EA19BE962533F31A00395E8C /* Assets.xcassets */; };
		EA19BE9A2533F31A00395E8C /* LaunchScreen.storyboard in Resources */ = {isa = PBXBuildFile; fileRef = EA19BE982533F31A00395E8C /* LaunchScreen.storyboard */; };
		EA19BEB02533F31A00395E8C /* Rick_and_MortyUITests.swift in Sources */ = {isa = PBXBuildFile; fileRef = EA19BEAF2533F31A00395E8C /* Rick_and_MortyUITests.swift */; };
		EA401F7C25361A1B00BA7917 /* AllCharactersViewController.swift in Sources */ = {isa = PBXBuildFile; fileRef = EA401F7B25361A1B00BA7917 /* AllCharactersViewController.swift */; };
		EA401F8125361DE600BA7917 /* CharacterTableViewCell.swift in Sources */ = {isa = PBXBuildFile; fileRef = EA401F8025361DE600BA7917 /* CharacterTableViewCell.swift */; };
		EA401F8B2536896700BA7917 /* UIImageLoader.swift in Sources */ = {isa = PBXBuildFile; fileRef = EA401F8A2536896700BA7917 /* UIImageLoader.swift */; };
		EA401F902536897A00BA7917 /* UIImageView+Ext.swift in Sources */ = {isa = PBXBuildFile; fileRef = EA401F8F2536897A00BA7917 /* UIImageView+Ext.swift */; };
		EA401F9525368E2B00BA7917 /* ImageLoader.swift in Sources */ = {isa = PBXBuildFile; fileRef = EA401F9425368E2B00BA7917 /* ImageLoader.swift */; };
		EA401F9D25368FCE00BA7917 /* ImageLoaderTests.swift in Sources */ = {isa = PBXBuildFile; fileRef = EA401F9C25368FCE00BA7917 /* ImageLoaderTests.swift */; };
		EA401FA62536A9EE00BA7917 /* AllCharactersViewProtocol.swift in Sources */ = {isa = PBXBuildFile; fileRef = EA401FA52536A9EE00BA7917 /* AllCharactersViewProtocol.swift */; };
		EA401FB02536AA5400BA7917 /* CharactersPresenter.swift in Sources */ = {isa = PBXBuildFile; fileRef = EA401FAF2536AA5400BA7917 /* CharactersPresenter.swift */; };
		EA401FB52536AAC400BA7917 /* MockCharacterWebService.swift in Sources */ = {isa = PBXBuildFile; fileRef = EA401FB42536AAC400BA7917 /* MockCharacterWebService.swift */; };
		EA401FBA2536ABA900BA7917 /* CharactersPresenterTests.swift in Sources */ = {isa = PBXBuildFile; fileRef = EA401FB92536ABA900BA7917 /* CharactersPresenterTests.swift */; };
		EA513F08253885F300F89661 /* MockAllCharacterView.swift in Sources */ = {isa = PBXBuildFile; fileRef = EA513F07253885F200F89661 /* MockAllCharacterView.swift */; };
		EA513F132538A56900F89661 /* LoadingTableViewFooter.swift in Sources */ = {isa = PBXBuildFile; fileRef = EA513F122538A56900F89661 /* LoadingTableViewFooter.swift */; };
		EA513F492538C2D600F89661 /* CharacterDetailViewController.swift in Sources */ = {isa = PBXBuildFile; fileRef = EA513F482538C2D600F89661 /* CharacterDetailViewController.swift */; };
		EA513F4E2538C6DE00F89661 /* FavoriteCharacterProtocol.swift in Sources */ = {isa = PBXBuildFile; fileRef = EA513F4D2538C6DE00F89661 /* FavoriteCharacterProtocol.swift */; };
		EA513F5C25393E3400F89661 /* FavoritesCharactersViewController.swift in Sources */ = {isa = PBXBuildFile; fileRef = EA513F5B25393E3400F89661 /* FavoritesCharactersViewController.swift */; };
		EA513F612539405F00F89661 /* FavoritesPresenter.swift in Sources */ = {isa = PBXBuildFile; fileRef = EA513F602539405F00F89661 /* FavoritesPresenter.swift */; };
		EA513F662539428F00F89661 /* FavoriteWebService.swift in Sources */ = {isa = PBXBuildFile; fileRef = EA513F652539428F00F89661 /* FavoriteWebService.swift */; };
		EA513F6E2539439600F89661 /* FavoritesWebServiceProtocol.swift in Sources */ = {isa = PBXBuildFile; fileRef = EA513F6D2539439600F89661 /* FavoritesWebServiceProtocol.swift */; };
		EA513F732539456E00F89661 /* FavoriteListViewProtocol.swift in Sources */ = {isa = PBXBuildFile; fileRef = EA513F722539456E00F89661 /* FavoriteListViewProtocol.swift */; };
		EA9D3536253952710068A294 /* Favorites.swift in Sources */ = {isa = PBXBuildFile; fileRef = EA9D3535253952710068A294 /* Favorites.swift */; };
		EAB614B325396B5700167BE4 /* FavoriteWebServiceTests.swift in Sources */ = {isa = PBXBuildFile; fileRef = EAB614B225396B5700167BE4 /* FavoriteWebServiceTests.swift */; };
		EAB614B825396B7200167BE4 /* MockFavoriteWebService.swift in Sources */ = {isa = PBXBuildFile; fileRef = EAB614B725396B7200167BE4 /* MockFavoriteWebService.swift */; };
		EADBCB382534BACA00E8D617 /* MockURLProtocol.swift in Sources */ = {isa = PBXBuildFile; fileRef = EADBCB372534BACA00E8D617 /* MockURLProtocol.swift */; };
		EADBCB402534DAAB00E8D617 /* CharacterResponseModel.swift in Sources */ = {isa = PBXBuildFile; fileRef = EADBCB3F2534DAAB00E8D617 /* CharacterResponseModel.swift */; };
		EADBCB692534DE4A00E8D617 /* Constants.swift in Sources */ = {isa = PBXBuildFile; fileRef = EADBCB682534DE4A00E8D617 /* Constants.swift */; };
		EADBCB6E25352F9400E8D617 /* CharacterWebServiceTests.swift in Sources */ = {isa = PBXBuildFile; fileRef = EADBCB6D25352F9400E8D617 /* CharacterWebServiceTests.swift */; };
		EADBCB732535318300E8D617 /* CharacterWebService.swift in Sources */ = {isa = PBXBuildFile; fileRef = EADBCB722535318300E8D617 /* CharacterWebService.swift */; };
		EADBCB782535322A00E8D617 /* CharacterWebServiceProtocol.swift in Sources */ = {isa = PBXBuildFile; fileRef = EADBCB772535322A00E8D617 /* CharacterWebServiceProtocol.swift */; };
		EADBCB7D253533C200E8D617 /* CharacterModel.swift in Sources */ = {isa = PBXBuildFile; fileRef = EADBCB7C253533C200E8D617 /* CharacterModel.swift */; };
		EADBCB82253535C300E8D617 /* CharacterError.swift in Sources */ = {isa = PBXBuildFile; fileRef = EADBCB81253535C300E8D617 /* CharacterError.swift */; };
/* End PBXBuildFile section */

/* Begin PBXContainerItemProxy section */
		EA19BEA12533F31A00395E8C /* PBXContainerItemProxy */ = {
			isa = PBXContainerItemProxy;
			containerPortal = EA19BE822533F31800395E8C /* Project object */;
			proxyType = 1;
			remoteGlobalIDString = EA19BE892533F31800395E8C;
			remoteInfo = "Rick and Morty";
		};
		EA19BEAC2533F31A00395E8C /* PBXContainerItemProxy */ = {
			isa = PBXContainerItemProxy;
			containerPortal = EA19BE822533F31800395E8C /* Project object */;
			proxyType = 1;
			remoteGlobalIDString = EA19BE892533F31800395E8C;
			remoteInfo = "Rick and Morty";
		};
/* End PBXContainerItemProxy section */

/* Begin PBXFileReference section */
		EA19BE8A2533F31800395E8C /* Rick and Morty.app */ = {isa = PBXFileReference; explicitFileType = wrapper.application; includeInIndex = 0; path = "Rick and Morty.app"; sourceTree = BUILT_PRODUCTS_DIR; };
		EA19BE8D2533F31800395E8C /* AppDelegate.swift */ = {isa = PBXFileReference; lastKnownFileType = sourcecode.swift; path = AppDelegate.swift; sourceTree = "<group>"; };
		EA19BE8F2533F31800395E8C /* SceneDelegate.swift */ = {isa = PBXFileReference; lastKnownFileType = sourcecode.swift; path = SceneDelegate.swift; sourceTree = "<group>"; };
		EA19BE962533F31A00395E8C /* Assets.xcassets */ = {isa = PBXFileReference; lastKnownFileType = folder.assetcatalog; path = Assets.xcassets; sourceTree = "<group>"; };
		EA19BE992533F31A00395E8C /* Base */ = {isa = PBXFileReference; lastKnownFileType = file.storyboard; name = Base; path = Base.lproj/LaunchScreen.storyboard; sourceTree = "<group>"; };
		EA19BE9B2533F31A00395E8C /* Info.plist */ = {isa = PBXFileReference; lastKnownFileType = text.plist.xml; path = Info.plist; sourceTree = "<group>"; };
		EA19BEA02533F31A00395E8C /* Rick and MortyTests.xctest */ = {isa = PBXFileReference; explicitFileType = wrapper.cfbundle; includeInIndex = 0; path = "Rick and MortyTests.xctest"; sourceTree = BUILT_PRODUCTS_DIR; };
		EA19BEA62533F31A00395E8C /* Info.plist */ = {isa = PBXFileReference; lastKnownFileType = text.plist.xml; path = Info.plist; sourceTree = "<group>"; };
		EA19BEAB2533F31A00395E8C /* Rick and MortyUITests.xctest */ = {isa = PBXFileReference; explicitFileType = wrapper.cfbundle; includeInIndex = 0; path = "Rick and MortyUITests.xctest"; sourceTree = BUILT_PRODUCTS_DIR; };
		EA19BEAF2533F31A00395E8C /* Rick_and_MortyUITests.swift */ = {isa = PBXFileReference; lastKnownFileType = sourcecode.swift; path = Rick_and_MortyUITests.swift; sourceTree = "<group>"; };
		EA19BEB12533F31A00395E8C /* Info.plist */ = {isa = PBXFileReference; lastKnownFileType = text.plist.xml; path = Info.plist; sourceTree = "<group>"; };
		EA401F7B25361A1B00BA7917 /* AllCharactersViewController.swift */ = {isa = PBXFileReference; lastKnownFileType = sourcecode.swift; path = AllCharactersViewController.swift; sourceTree = "<group>"; };
		EA401F8025361DE600BA7917 /* CharacterTableViewCell.swift */ = {isa = PBXFileReference; lastKnownFileType = sourcecode.swift; path = CharacterTableViewCell.swift; sourceTree = "<group>"; };
		EA401F8A2536896700BA7917 /* UIImageLoader.swift */ = {isa = PBXFileReference; lastKnownFileType = sourcecode.swift; path = UIImageLoader.swift; sourceTree = "<group>"; };
		EA401F8F2536897A00BA7917 /* UIImageView+Ext.swift */ = {isa = PBXFileReference; lastKnownFileType = sourcecode.swift; path = "UIImageView+Ext.swift"; sourceTree = "<group>"; };
		EA401F9425368E2B00BA7917 /* ImageLoader.swift */ = {isa = PBXFileReference; lastKnownFileType = sourcecode.swift; path = ImageLoader.swift; sourceTree = "<group>"; };
		EA401F9C25368FCE00BA7917 /* ImageLoaderTests.swift */ = {isa = PBXFileReference; lastKnownFileType = sourcecode.swift; path = ImageLoaderTests.swift; sourceTree = "<group>"; };
		EA401FA52536A9EE00BA7917 /* AllCharactersViewProtocol.swift */ = {isa = PBXFileReference; lastKnownFileType = sourcecode.swift; path = AllCharactersViewProtocol.swift; sourceTree = "<group>"; };
		EA401FAF2536AA5400BA7917 /* CharactersPresenter.swift */ = {isa = PBXFileReference; lastKnownFileType = sourcecode.swift; path = CharactersPresenter.swift; sourceTree = "<group>"; };
		EA401FB42536AAC400BA7917 /* MockCharacterWebService.swift */ = {isa = PBXFileReference; lastKnownFileType = sourcecode.swift; path = MockCharacterWebService.swift; sourceTree = "<group>"; };
		EA401FB92536ABA900BA7917 /* CharactersPresenterTests.swift */ = {isa = PBXFileReference; lastKnownFileType = sourcecode.swift; path = CharactersPresenterTests.swift; sourceTree = "<group>"; };
		EA513F07253885F200F89661 /* MockAllCharacterView.swift */ = {isa = PBXFileReference; lastKnownFileType = sourcecode.swift; path = MockAllCharacterView.swift; sourceTree = "<group>"; };
		EA513F122538A56900F89661 /* LoadingTableViewFooter.swift */ = {isa = PBXFileReference; lastKnownFileType = sourcecode.swift; path = LoadingTableViewFooter.swift; sourceTree = "<group>"; };
		EA513F482538C2D600F89661 /* CharacterDetailViewController.swift */ = {isa = PBXFileReference; lastKnownFileType = sourcecode.swift; path = CharacterDetailViewController.swift; sourceTree = "<group>"; };
		EA513F4D2538C6DE00F89661 /* FavoriteCharacterProtocol.swift */ = {isa = PBXFileReference; lastKnownFileType = sourcecode.swift; path = FavoriteCharacterProtocol.swift; sourceTree = "<group>"; };
		EA513F5B25393E3400F89661 /* FavoritesCharactersViewController.swift */ = {isa = PBXFileReference; lastKnownFileType = sourcecode.swift; path = FavoritesCharactersViewController.swift; sourceTree = "<group>"; };
		EA513F602539405F00F89661 /* FavoritesPresenter.swift */ = {isa = PBXFileReference; lastKnownFileType = sourcecode.swift; path = FavoritesPresenter.swift; sourceTree = "<group>"; };
		EA513F652539428F00F89661 /* FavoriteWebService.swift */ = {isa = PBXFileReference; lastKnownFileType = sourcecode.swift; path = FavoriteWebService.swift; sourceTree = "<group>"; };
		EA513F6D2539439600F89661 /* FavoritesWebServiceProtocol.swift */ = {isa = PBXFileReference; lastKnownFileType = sourcecode.swift; path = FavoritesWebServiceProtocol.swift; sourceTree = "<group>"; };
		EA513F722539456E00F89661 /* FavoriteListViewProtocol.swift */ = {isa = PBXFileReference; lastKnownFileType = sourcecode.swift; path = FavoriteListViewProtocol.swift; sourceTree = "<group>"; };
		EA9D3535253952710068A294 /* Favorites.swift */ = {isa = PBXFileReference; lastKnownFileType = sourcecode.swift; path = Favorites.swift; sourceTree = "<group>"; };
		EAB614B225396B5700167BE4 /* FavoriteWebServiceTests.swift */ = {isa = PBXFileReference; lastKnownFileType = sourcecode.swift; path = FavoriteWebServiceTests.swift; sourceTree = "<group>"; };
		EAB614B725396B7200167BE4 /* MockFavoriteWebService.swift */ = {isa = PBXFileReference; lastKnownFileType = sourcecode.swift; path = MockFavoriteWebService.swift; sourceTree = "<group>"; };
		EADBCB372534BACA00E8D617 /* MockURLProtocol.swift */ = {isa = PBXFileReference; lastKnownFileType = sourcecode.swift; path = MockURLProtocol.swift; sourceTree = "<group>"; };
		EADBCB3F2534DAAB00E8D617 /* CharacterResponseModel.swift */ = {isa = PBXFileReference; lastKnownFileType = sourcecode.swift; path = CharacterResponseModel.swift; sourceTree = "<group>"; };
		EADBCB682534DE4A00E8D617 /* Constants.swift */ = {isa = PBXFileReference; lastKnownFileType = sourcecode.swift; path = Constants.swift; sourceTree = "<group>"; };
		EADBCB6D25352F9400E8D617 /* CharacterWebServiceTests.swift */ = {isa = PBXFileReference; lastKnownFileType = sourcecode.swift; path = CharacterWebServiceTests.swift; sourceTree = "<group>"; };
		EADBCB722535318300E8D617 /* CharacterWebService.swift */ = {isa = PBXFileReference; lastKnownFileType = sourcecode.swift; path = CharacterWebService.swift; sourceTree = "<group>"; };
		EADBCB772535322A00E8D617 /* CharacterWebServiceProtocol.swift */ = {isa = PBXFileReference; lastKnownFileType = sourcecode.swift; path = CharacterWebServiceProtocol.swift; sourceTree = "<group>"; };
		EADBCB7C253533C200E8D617 /* CharacterModel.swift */ = {isa = PBXFileReference; lastKnownFileType = sourcecode.swift; path = CharacterModel.swift; sourceTree = "<group>"; };
		EADBCB81253535C300E8D617 /* CharacterError.swift */ = {isa = PBXFileReference; lastKnownFileType = sourcecode.swift; path = CharacterError.swift; sourceTree = "<group>"; };
/* End PBXFileReference section */

/* Begin PBXFrameworksBuildPhase section */
		EA19BE872533F31800395E8C /* Frameworks */ = {
			isa = PBXFrameworksBuildPhase;
			buildActionMask = 2147483647;
			files = (
			);
			runOnlyForDeploymentPostprocessing = 0;
		};
		EA19BE9D2533F31A00395E8C /* Frameworks */ = {
			isa = PBXFrameworksBuildPhase;
			buildActionMask = 2147483647;
			files = (
			);
			runOnlyForDeploymentPostprocessing = 0;
		};
		EA19BEA82533F31A00395E8C /* Frameworks */ = {
			isa = PBXFrameworksBuildPhase;
			buildActionMask = 2147483647;
			files = (
			);
			runOnlyForDeploymentPostprocessing = 0;
		};
/* End PBXFrameworksBuildPhase section */

/* Begin PBXGroup section */
		EA19BE812533F31800395E8C = {
			isa = PBXGroup;
			children = (
				EA19BE8C2533F31800395E8C /* Rick and Morty */,
				EA19BEA32533F31A00395E8C /* Rick and MortyTests */,
				EA19BEAE2533F31A00395E8C /* Rick and MortyUITests */,
				EA19BE8B2533F31800395E8C /* Products */,
			);
			sourceTree = "<group>";
		};
		EA19BE8B2533F31800395E8C /* Products */ = {
			isa = PBXGroup;
			children = (
				EA19BE8A2533F31800395E8C /* Rick and Morty.app */,
				EA19BEA02533F31A00395E8C /* Rick and MortyTests.xctest */,
				EA19BEAB2533F31A00395E8C /* Rick and MortyUITests.xctest */,
			);
			name = Products;
			sourceTree = "<group>";
		};
		EA19BE8C2533F31800395E8C /* Rick and Morty */ = {
			isa = PBXGroup;
			children = (
				EADBCB3C2534BBAF00E8D617 /* Characters */,
				EA513EEE2537FBC200F89661 /* Supporting Files */,
			);
			path = "Rick and Morty";
			sourceTree = "<group>";
		};
		EA19BEA32533F31A00395E8C /* Rick and MortyTests */ = {
			isa = PBXGroup;
			children = (
				EADBCB86253552A300E8D617 /* Mock */,
				EADBCB322534BA9E00E8D617 /* Network */,
				EADBCB362534BAAD00E8D617 /* Presenters */,
				EA19BEA62533F31A00395E8C /* Info.plist */,
			);
			path = "Rick and MortyTests";
			sourceTree = "<group>";
		};
		EA19BEAE2533F31A00395E8C /* Rick and MortyUITests */ = {
			isa = PBXGroup;
			children = (
				EA19BEAF2533F31A00395E8C /* Rick_and_MortyUITests.swift */,
				EA19BEB12533F31A00395E8C /* Info.plist */,
			);
			path = "Rick and MortyUITests";
			sourceTree = "<group>";
		};
		EA34241C2536B60F00DC950E /* Views */ = {
			isa = PBXGroup;
			children = (
				EA401F8025361DE600BA7917 /* CharacterTableViewCell.swift */,
				EA513F122538A56900F89661 /* LoadingTableViewFooter.swift */,
			);
			path = Views;
			sourceTree = "<group>";
		};
		EA401FA42536A78E00BA7917 /* Presenters */ = {
			isa = PBXGroup;
			children = (
				EA401FAF2536AA5400BA7917 /* CharactersPresenter.swift */,
				EA513F602539405F00F89661 /* FavoritesPresenter.swift */,
			);
			path = Presenters;
			sourceTree = "<group>";
		};
		EA513EEE2537FBC200F89661 /* Supporting Files */ = {
			isa = PBXGroup;
			children = (
				EA19BE8D2533F31800395E8C /* AppDelegate.swift */,
				EA19BE8F2533F31800395E8C /* SceneDelegate.swift */,
				EA19BE962533F31A00395E8C /* Assets.xcassets */,
				EA19BE982533F31A00395E8C /* LaunchScreen.storyboard */,
				EA19BE9B2533F31A00395E8C /* Info.plist */,
			);
			path = "Supporting Files";
			sourceTree = "<group>";
		};
		EADBCB142533F7CE00E8D617 /* Network */ = {
			isa = PBXGroup;
			children = (
				EADBCB722535318300E8D617 /* CharacterWebService.swift */,
				EA513F652539428F00F89661 /* FavoriteWebService.swift */,
				EA401F9425368E2B00BA7917 /* ImageLoader.swift */,
			);
			path = Network;
			sourceTree = "<group>";
		};
		EADBCB152533F7DD00E8D617 /* Models */ = {
			isa = PBXGroup;
			children = (
				EADBCB3F2534DAAB00E8D617 /* CharacterResponseModel.swift */,
				EADBCB7C253533C200E8D617 /* CharacterModel.swift */,
				EADBCB81253535C300E8D617 /* CharacterError.swift */,
				EA9D3535253952710068A294 /* Favorites.swift */,
			);
			path = Models;
			sourceTree = "<group>";
		};
		EADBCB2B2534096E00E8D617 /* Protocols */ = {
			isa = PBXGroup;
			children = (
				EADBCB772535322A00E8D617 /* CharacterWebServiceProtocol.swift */,
				EA513F6D2539439600F89661 /* FavoritesWebServiceProtocol.swift */,
				EA401FA52536A9EE00BA7917 /* AllCharactersViewProtocol.swift */,
				EA513F722539456E00F89661 /* FavoriteListViewProtocol.swift */,
				EA513F4D2538C6DE00F89661 /* FavoriteCharacterProtocol.swift */,
			);
			path = Protocols;
			sourceTree = "<group>";
		};
		EADBCB322534BA9E00E8D617 /* Network */ = {
			isa = PBXGroup;
			children = (
				EADBCB6D25352F9400E8D617 /* CharacterWebServiceTests.swift */,
				EAB614B225396B5700167BE4 /* FavoriteWebServiceTests.swift */,
				EA401F9C25368FCE00BA7917 /* ImageLoaderTests.swift */,
			);
			path = Network;
			sourceTree = "<group>";
		};
		EADBCB362534BAAD00E8D617 /* Presenters */ = {
			isa = PBXGroup;
			children = (
				EA401FB92536ABA900BA7917 /* CharactersPresenterTests.swift */,
			);
			path = Presenters;
			sourceTree = "<group>";
		};
		EADBCB3C2534BBAF00E8D617 /* Characters */ = {
			isa = PBXGroup;
			children = (
				EADBCB672534DE2B00E8D617 /* Helper */,
				EADBCB142533F7CE00E8D617 /* Network */,
				EADBCB2B2534096E00E8D617 /* Protocols */,
				EADBCB152533F7DD00E8D617 /* Models */,
				EA401FA42536A78E00BA7917 /* Presenters */,
				EA34241C2536B60F00DC950E /* Views */,
				EADBCB3D2534BBBF00E8D617 /* Controllers */,
			);
			path = Characters;
			sourceTree = "<group>";
		};
		EADBCB3D2534BBBF00E8D617 /* Controllers */ = {
			isa = PBXGroup;
			children = (
				EA401F7B25361A1B00BA7917 /* AllCharactersViewController.swift */,
				EA513F5B25393E3400F89661 /* FavoritesCharactersViewController.swift */,
				EA513F482538C2D600F89661 /* CharacterDetailViewController.swift */,
			);
			path = Controllers;
			sourceTree = "<group>";
		};
		EADBCB672534DE2B00E8D617 /* Helper */ = {
			isa = PBXGroup;
			children = (
				EADBCB682534DE4A00E8D617 /* Constants.swift */,
				EA401F8A2536896700BA7917 /* UIImageLoader.swift */,
				EA401F8F2536897A00BA7917 /* UIImageView+Ext.swift */,
			);
			path = Helper;
			sourceTree = "<group>";
		};
		EADBCB86253552A300E8D617 /* Mock */ = {
			isa = PBXGroup;
			children = (
				EADBCB372534BACA00E8D617 /* MockURLProtocol.swift */,
				EA401FB42536AAC400BA7917 /* MockCharacterWebService.swift */,
				EAB614B725396B7200167BE4 /* MockFavoriteWebService.swift */,
				EA513F07253885F200F89661 /* MockAllCharacterView.swift */,
			);
			path = Mock;
			sourceTree = "<group>";
		};
/* End PBXGroup section */

/* Begin PBXNativeTarget section */
		EA19BE892533F31800395E8C /* Rick and Morty */ = {
			isa = PBXNativeTarget;
			buildConfigurationList = EA19BEB42533F31A00395E8C /* Build configuration list for PBXNativeTarget "Rick and Morty" */;
			buildPhases = (
				EA19BE862533F31800395E8C /* Sources */,
				EA19BE872533F31800395E8C /* Frameworks */,
				EA19BE882533F31800395E8C /* Resources */,
			);
			buildRules = (
			);
			dependencies = (
			);
			name = "Rick and Morty";
			productName = "Rick and Morty";
			productReference = EA19BE8A2533F31800395E8C /* Rick and Morty.app */;
			productType = "com.apple.product-type.application";
		};
		EA19BE9F2533F31A00395E8C /* Rick and MortyTests */ = {
			isa = PBXNativeTarget;
			buildConfigurationList = EA19BEB72533F31A00395E8C /* Build configuration list for PBXNativeTarget "Rick and MortyTests" */;
			buildPhases = (
				EA19BE9C2533F31A00395E8C /* Sources */,
				EA19BE9D2533F31A00395E8C /* Frameworks */,
				EA19BE9E2533F31A00395E8C /* Resources */,
			);
			buildRules = (
			);
			dependencies = (
				EA19BEA22533F31A00395E8C /* PBXTargetDependency */,
			);
			name = "Rick and MortyTests";
			productName = "Rick and MortyTests";
			productReference = EA19BEA02533F31A00395E8C /* Rick and MortyTests.xctest */;
			productType = "com.apple.product-type.bundle.unit-test";
		};
		EA19BEAA2533F31A00395E8C /* Rick and MortyUITests */ = {
			isa = PBXNativeTarget;
			buildConfigurationList = EA19BEBA2533F31A00395E8C /* Build configuration list for PBXNativeTarget "Rick and MortyUITests" */;
			buildPhases = (
				EA19BEA72533F31A00395E8C /* Sources */,
				EA19BEA82533F31A00395E8C /* Frameworks */,
				EA19BEA92533F31A00395E8C /* Resources */,
			);
			buildRules = (
			);
			dependencies = (
				EA19BEAD2533F31A00395E8C /* PBXTargetDependency */,
			);
			name = "Rick and MortyUITests";
			productName = "Rick and MortyUITests";
			productReference = EA19BEAB2533F31A00395E8C /* Rick and MortyUITests.xctest */;
			productType = "com.apple.product-type.bundle.ui-testing";
		};
/* End PBXNativeTarget section */

/* Begin PBXProject section */
		EA19BE822533F31800395E8C /* Project object */ = {
			isa = PBXProject;
			attributes = {
				LastSwiftUpdateCheck = 1200;
				LastUpgradeCheck = 1200;
				TargetAttributes = {
					EA19BE892533F31800395E8C = {
						CreatedOnToolsVersion = 12.0.1;
					};
					EA19BE9F2533F31A00395E8C = {
						CreatedOnToolsVersion = 12.0.1;
						LastSwiftMigration = 1200;
						TestTargetID = EA19BE892533F31800395E8C;
					};
					EA19BEAA2533F31A00395E8C = {
						CreatedOnToolsVersion = 12.0.1;
						TestTargetID = EA19BE892533F31800395E8C;
					};
				};
			};
			buildConfigurationList = EA19BE852533F31800395E8C /* Build configuration list for PBXProject "Rick and Morty" */;
			compatibilityVersion = "Xcode 9.3";
			developmentRegion = en;
			hasScannedForEncodings = 0;
			knownRegions = (
				en,
				Base,
			);
			mainGroup = EA19BE812533F31800395E8C;
			productRefGroup = EA19BE8B2533F31800395E8C /* Products */;
			projectDirPath = "";
			projectRoot = "";
			targets = (
				EA19BE892533F31800395E8C /* Rick and Morty */,
				EA19BE9F2533F31A00395E8C /* Rick and MortyTests */,
				EA19BEAA2533F31A00395E8C /* Rick and MortyUITests */,
			);
		};
/* End PBXProject section */

/* Begin PBXResourcesBuildPhase section */
		EA19BE882533F31800395E8C /* Resources */ = {
			isa = PBXResourcesBuildPhase;
			buildActionMask = 2147483647;
			files = (
				EA19BE9A2533F31A00395E8C /* LaunchScreen.storyboard in Resources */,
				EA19BE972533F31A00395E8C /* Assets.xcassets in Resources */,
			);
			runOnlyForDeploymentPostprocessing = 0;
		};
		EA19BE9E2533F31A00395E8C /* Resources */ = {
			isa = PBXResourcesBuildPhase;
			buildActionMask = 2147483647;
			files = (
			);
			runOnlyForDeploymentPostprocessing = 0;
		};
		EA19BEA92533F31A00395E8C /* Resources */ = {
			isa = PBXResourcesBuildPhase;
			buildActionMask = 2147483647;
			files = (
			);
			runOnlyForDeploymentPostprocessing = 0;
		};
/* End PBXResourcesBuildPhase section */

/* Begin PBXSourcesBuildPhase section */
		EA19BE862533F31800395E8C /* Sources */ = {
			isa = PBXSourcesBuildPhase;
			buildActionMask = 2147483647;
			files = (
				EA401FA62536A9EE00BA7917 /* AllCharactersViewProtocol.swift in Sources */,
				EA401F9525368E2B00BA7917 /* ImageLoader.swift in Sources */,
				EA513F6E2539439600F89661 /* FavoritesWebServiceProtocol.swift in Sources */,
				EADBCB782535322A00E8D617 /* CharacterWebServiceProtocol.swift in Sources */,
				EA513F732539456E00F89661 /* FavoriteListViewProtocol.swift in Sources */,
				EA513F4E2538C6DE00F89661 /* FavoriteCharacterProtocol.swift in Sources */,
				EADBCB692534DE4A00E8D617 /* Constants.swift in Sources */,
				EA401F8B2536896700BA7917 /* UIImageLoader.swift in Sources */,
				EADBCB82253535C300E8D617 /* CharacterError.swift in Sources */,
				EADBCB402534DAAB00E8D617 /* CharacterResponseModel.swift in Sources */,
				EA513F492538C2D600F89661 /* CharacterDetailViewController.swift in Sources */,
				EA9D3536253952710068A294 /* Favorites.swift in Sources */,
				EA401FB02536AA5400BA7917 /* CharactersPresenter.swift in Sources */,
				EA513F612539405F00F89661 /* FavoritesPresenter.swift in Sources */,
				EA19BE8E2533F31800395E8C /* AppDelegate.swift in Sources */,
				EA401F7C25361A1B00BA7917 /* AllCharactersViewController.swift in Sources */,
				EADBCB7D253533C200E8D617 /* CharacterModel.swift in Sources */,
				EA401F902536897A00BA7917 /* UIImageView+Ext.swift in Sources */,
				EA513F132538A56900F89661 /* LoadingTableViewFooter.swift in Sources */,
				EA401F8125361DE600BA7917 /* CharacterTableViewCell.swift in Sources */,
				EA513F662539428F00F89661 /* FavoriteWebService.swift in Sources */,
				EA513F5C25393E3400F89661 /* FavoritesCharactersViewController.swift in Sources */,
				EADBCB732535318300E8D617 /* CharacterWebService.swift in Sources */,
				EA19BE902533F31800395E8C /* SceneDelegate.swift in Sources */,
			);
			runOnlyForDeploymentPostprocessing = 0;
		};
		EA19BE9C2533F31A00395E8C /* Sources */ = {
			isa = PBXSourcesBuildPhase;
			buildActionMask = 2147483647;
			files = (
				EAB614B825396B7200167BE4 /* MockFavoriteWebService.swift in Sources */,
				EADBCB6E25352F9400E8D617 /* CharacterWebServiceTests.swift in Sources */,
				EADBCB382534BACA00E8D617 /* MockURLProtocol.swift in Sources */,
				EA401FB52536AAC400BA7917 /* MockCharacterWebService.swift in Sources */,
				EAB614B325396B5700167BE4 /* FavoriteWebServiceTests.swift in Sources */,
				EA401F9D25368FCE00BA7917 /* ImageLoaderTests.swift in Sources */,
				EA401FBA2536ABA900BA7917 /* CharactersPresenterTests.swift in Sources */,
				EA513F08253885F300F89661 /* MockAllCharacterView.swift in Sources */,
			);
			runOnlyForDeploymentPostprocessing = 0;
		};
		EA19BEA72533F31A00395E8C /* Sources */ = {
			isa = PBXSourcesBuildPhase;
			buildActionMask = 2147483647;
			files = (
				EA19BEB02533F31A00395E8C /* Rick_and_MortyUITests.swift in Sources */,
			);
			runOnlyForDeploymentPostprocessing = 0;
		};
/* End PBXSourcesBuildPhase section */

/* Begin PBXTargetDependency section */
		EA19BEA22533F31A00395E8C /* PBXTargetDependency */ = {
			isa = PBXTargetDependency;
			target = EA19BE892533F31800395E8C /* Rick and Morty */;
			targetProxy = EA19BEA12533F31A00395E8C /* PBXContainerItemProxy */;
		};
		EA19BEAD2533F31A00395E8C /* PBXTargetDependency */ = {
			isa = PBXTargetDependency;
			target = EA19BE892533F31800395E8C /* Rick and Morty */;
			targetProxy = EA19BEAC2533F31A00395E8C /* PBXContainerItemProxy */;
		};
/* End PBXTargetDependency section */

/* Begin PBXVariantGroup section */
		EA19BE982533F31A00395E8C /* LaunchScreen.storyboard */ = {
			isa = PBXVariantGroup;
			children = (
				EA19BE992533F31A00395E8C /* Base */,
			);
			name = LaunchScreen.storyboard;
			sourceTree = "<group>";
		};
/* End PBXVariantGroup section */

/* Begin XCBuildConfiguration section */
		EA19BEB22533F31A00395E8C /* Debug */ = {
			isa = XCBuildConfiguration;
			buildSettings = {
				ALWAYS_SEARCH_USER_PATHS = NO;
				CLANG_ANALYZER_NONNULL = YES;
				CLANG_ANALYZER_NUMBER_OBJECT_CONVERSION = YES_AGGRESSIVE;
				CLANG_CXX_LANGUAGE_STANDARD = "gnu++14";
				CLANG_CXX_LIBRARY = "libc++";
				CLANG_ENABLE_MODULES = YES;
				CLANG_ENABLE_OBJC_ARC = YES;
				CLANG_ENABLE_OBJC_WEAK = YES;
				CLANG_WARN_BLOCK_CAPTURE_AUTORELEASING = YES;
				CLANG_WARN_BOOL_CONVERSION = YES;
				CLANG_WARN_COMMA = YES;
				CLANG_WARN_CONSTANT_CONVERSION = YES;
				CLANG_WARN_DEPRECATED_OBJC_IMPLEMENTATIONS = YES;
				CLANG_WARN_DIRECT_OBJC_ISA_USAGE = YES_ERROR;
				CLANG_WARN_DOCUMENTATION_COMMENTS = YES;
				CLANG_WARN_EMPTY_BODY = YES;
				CLANG_WARN_ENUM_CONVERSION = YES;
				CLANG_WARN_INFINITE_RECURSION = YES;
				CLANG_WARN_INT_CONVERSION = YES;
				CLANG_WARN_NON_LITERAL_NULL_CONVERSION = YES;
				CLANG_WARN_OBJC_IMPLICIT_RETAIN_SELF = YES;
				CLANG_WARN_OBJC_LITERAL_CONVERSION = YES;
				CLANG_WARN_OBJC_ROOT_CLASS = YES_ERROR;
				CLANG_WARN_QUOTED_INCLUDE_IN_FRAMEWORK_HEADER = YES;
				CLANG_WARN_RANGE_LOOP_ANALYSIS = YES;
				CLANG_WARN_STRICT_PROTOTYPES = YES;
				CLANG_WARN_SUSPICIOUS_MOVE = YES;
				CLANG_WARN_UNGUARDED_AVAILABILITY = YES_AGGRESSIVE;
				CLANG_WARN_UNREACHABLE_CODE = YES;
				CLANG_WARN__DUPLICATE_METHOD_MATCH = YES;
				COPY_PHASE_STRIP = NO;
				DEBUG_INFORMATION_FORMAT = dwarf;
				ENABLE_STRICT_OBJC_MSGSEND = YES;
				ENABLE_TESTABILITY = YES;
				GCC_C_LANGUAGE_STANDARD = gnu11;
				GCC_DYNAMIC_NO_PIC = NO;
				GCC_NO_COMMON_BLOCKS = YES;
				GCC_OPTIMIZATION_LEVEL = 0;
				GCC_PREPROCESSOR_DEFINITIONS = (
					"DEBUG=1",
					"$(inherited)",
				);
				GCC_WARN_64_TO_32_BIT_CONVERSION = YES;
				GCC_WARN_ABOUT_RETURN_TYPE = YES_ERROR;
				GCC_WARN_UNDECLARED_SELECTOR = YES;
				GCC_WARN_UNINITIALIZED_AUTOS = YES_AGGRESSIVE;
				GCC_WARN_UNUSED_FUNCTION = YES;
				GCC_WARN_UNUSED_VARIABLE = YES;
				IPHONEOS_DEPLOYMENT_TARGET = 14.0;
				MTL_ENABLE_DEBUG_INFO = INCLUDE_SOURCE;
				MTL_FAST_MATH = YES;
				ONLY_ACTIVE_ARCH = YES;
				SDKROOT = iphoneos;
				SWIFT_ACTIVE_COMPILATION_CONDITIONS = DEBUG;
				SWIFT_OPTIMIZATION_LEVEL = "-Onone";
			};
			name = Debug;
		};
		EA19BEB32533F31A00395E8C /* Release */ = {
			isa = XCBuildConfiguration;
			buildSettings = {
				ALWAYS_SEARCH_USER_PATHS = NO;
				CLANG_ANALYZER_NONNULL = YES;
				CLANG_ANALYZER_NUMBER_OBJECT_CONVERSION = YES_AGGRESSIVE;
				CLANG_CXX_LANGUAGE_STANDARD = "gnu++14";
				CLANG_CXX_LIBRARY = "libc++";
				CLANG_ENABLE_MODULES = YES;
				CLANG_ENABLE_OBJC_ARC = YES;
				CLANG_ENABLE_OBJC_WEAK = YES;
				CLANG_WARN_BLOCK_CAPTURE_AUTORELEASING = YES;
				CLANG_WARN_BOOL_CONVERSION = YES;
				CLANG_WARN_COMMA = YES;
				CLANG_WARN_CONSTANT_CONVERSION = YES;
				CLANG_WARN_DEPRECATED_OBJC_IMPLEMENTATIONS = YES;
				CLANG_WARN_DIRECT_OBJC_ISA_USAGE = YES_ERROR;
				CLANG_WARN_DOCUMENTATION_COMMENTS = YES;
				CLANG_WARN_EMPTY_BODY = YES;
				CLANG_WARN_ENUM_CONVERSION = YES;
				CLANG_WARN_INFINITE_RECURSION = YES;
				CLANG_WARN_INT_CONVERSION = YES;
				CLANG_WARN_NON_LITERAL_NULL_CONVERSION = YES;
				CLANG_WARN_OBJC_IMPLICIT_RETAIN_SELF = YES;
				CLANG_WARN_OBJC_LITERAL_CONVERSION = YES;
				CLANG_WARN_OBJC_ROOT_CLASS = YES_ERROR;
				CLANG_WARN_QUOTED_INCLUDE_IN_FRAMEWORK_HEADER = YES;
				CLANG_WARN_RANGE_LOOP_ANALYSIS = YES;
				CLANG_WARN_STRICT_PROTOTYPES = YES;
				CLANG_WARN_SUSPICIOUS_MOVE = YES;
				CLANG_WARN_UNGUARDED_AVAILABILITY = YES_AGGRESSIVE;
				CLANG_WARN_UNREACHABLE_CODE = YES;
				CLANG_WARN__DUPLICATE_METHOD_MATCH = YES;
				COPY_PHASE_STRIP = NO;
				DEBUG_INFORMATION_FORMAT = "dwarf-with-dsym";
				ENABLE_NS_ASSERTIONS = NO;
				ENABLE_STRICT_OBJC_MSGSEND = YES;
				GCC_C_LANGUAGE_STANDARD = gnu11;
				GCC_NO_COMMON_BLOCKS = YES;
				GCC_WARN_64_TO_32_BIT_CONVERSION = YES;
				GCC_WARN_ABOUT_RETURN_TYPE = YES_ERROR;
				GCC_WARN_UNDECLARED_SELECTOR = YES;
				GCC_WARN_UNINITIALIZED_AUTOS = YES_AGGRESSIVE;
				GCC_WARN_UNUSED_FUNCTION = YES;
				GCC_WARN_UNUSED_VARIABLE = YES;
				IPHONEOS_DEPLOYMENT_TARGET = 14.0;
				MTL_ENABLE_DEBUG_INFO = NO;
				MTL_FAST_MATH = YES;
				SDKROOT = iphoneos;
				SWIFT_COMPILATION_MODE = wholemodule;
				SWIFT_OPTIMIZATION_LEVEL = "-O";
				VALIDATE_PRODUCT = YES;
			};
			name = Release;
		};
		EA19BEB52533F31A00395E8C /* Debug */ = {
			isa = XCBuildConfiguration;
			buildSettings = {
				ASSETCATALOG_COMPILER_APPICON_NAME = AppIcon;
				ASSETCATALOG_COMPILER_GLOBAL_ACCENT_COLOR_NAME = AccentColor;
				CODE_SIGN_STYLE = Automatic;
				CURRENT_PROJECT_VERSION = 00001;
				DEVELOPMENT_TEAM = YBCQX725KG;
				INFOPLIST_FILE = "Rick and Morty/Supporting Files/Info.plist";
				LD_RUNPATH_SEARCH_PATHS = (
					"$(inherited)",
					"@executable_path/Frameworks",
				);
				MARKETING_VERSION = 0.0.1;
				PRODUCT_BUNDLE_IDENTIFIER = "kh.Rick-and-Morty";
				PRODUCT_NAME = "$(TARGET_NAME)";
				SWIFT_VERSION = 5.0;
				TARGETED_DEVICE_FAMILY = 1;
			};
			name = Debug;
		};
		EA19BEB62533F31A00395E8C /* Release */ = {
			isa = XCBuildConfiguration;
			buildSettings = {
				ASSETCATALOG_COMPILER_APPICON_NAME = AppIcon;
				ASSETCATALOG_COMPILER_GLOBAL_ACCENT_COLOR_NAME = AccentColor;
				CODE_SIGN_STYLE = Automatic;
				CURRENT_PROJECT_VERSION = 00001;
				DEVELOPMENT_TEAM = YBCQX725KG;
				INFOPLIST_FILE = "Rick and Morty/Supporting Files/Info.plist";
				LD_RUNPATH_SEARCH_PATHS = (
					"$(inherited)",
					"@executable_path/Frameworks",
				);
				MARKETING_VERSION = 0.0.1;
				PRODUCT_BUNDLE_IDENTIFIER = "kh.Rick-and-Morty";
				PRODUCT_NAME = "$(TARGET_NAME)";
				SWIFT_VERSION = 5.0;
				TARGETED_DEVICE_FAMILY = 1;
			};
			name = Release;
		};
		EA19BEB82533F31A00395E8C /* Debug */ = {
			isa = XCBuildConfiguration;
			buildSettings = {
				ALWAYS_EMBED_SWIFT_STANDARD_LIBRARIES = YES;
				BUNDLE_LOADER = "$(TEST_HOST)";
				CLANG_ENABLE_MODULES = YES;
				CODE_SIGN_STYLE = Automatic;
				DEVELOPMENT_TEAM = YBCQX725KG;
				INFOPLIST_FILE = "Rick and MortyTests/Info.plist";
				IPHONEOS_DEPLOYMENT_TARGET = 14.0;
				LD_RUNPATH_SEARCH_PATHS = (
					"$(inherited)",
					"@executable_path/Frameworks",
					"@loader_path/Frameworks",
				);
				PRODUCT_BUNDLE_IDENTIFIER = "kh.Rick-and-MortyTests";
				PRODUCT_NAME = "$(TARGET_NAME)";
				SWIFT_OPTIMIZATION_LEVEL = "-Onone";
				SWIFT_VERSION = 5.0;
				TARGETED_DEVICE_FAMILY = "1,2";
				TEST_HOST = "$(BUILT_PRODUCTS_DIR)/Rick and Morty.app/Rick and Morty";
			};
			name = Debug;
		};
		EA19BEB92533F31A00395E8C /* Release */ = {
			isa = XCBuildConfiguration;
			buildSettings = {
				ALWAYS_EMBED_SWIFT_STANDARD_LIBRARIES = YES;
				BUNDLE_LOADER = "$(TEST_HOST)";
				CLANG_ENABLE_MODULES = YES;
				CODE_SIGN_STYLE = Automatic;
				DEVELOPMENT_TEAM = YBCQX725KG;
				INFOPLIST_FILE = "Rick and MortyTests/Info.plist";
				IPHONEOS_DEPLOYMENT_TARGET = 14.0;
				LD_RUNPATH_SEARCH_PATHS = (
					"$(inherited)",
					"@executable_path/Frameworks",
					"@loader_path/Frameworks",
				);
				PRODUCT_BUNDLE_IDENTIFIER = "kh.Rick-and-MortyTests";
				PRODUCT_NAME = "$(TARGET_NAME)";
				SWIFT_VERSION = 5.0;
				TARGETED_DEVICE_FAMILY = "1,2";
				TEST_HOST = "$(BUILT_PRODUCTS_DIR)/Rick and Morty.app/Rick and Morty";
			};
			name = Release;
		};
		EA19BEBB2533F31A00395E8C /* Debug */ = {
			isa = XCBuildConfiguration;
			buildSettings = {
				ALWAYS_EMBED_SWIFT_STANDARD_LIBRARIES = YES;
				CODE_SIGN_STYLE = Automatic;
				DEVELOPMENT_TEAM = YBCQX725KG;
				INFOPLIST_FILE = "Rick and MortyUITests/Info.plist";
				LD_RUNPATH_SEARCH_PATHS = (
					"$(inherited)",
					"@executable_path/Frameworks",
					"@loader_path/Frameworks",
				);
				PRODUCT_BUNDLE_IDENTIFIER = "kh.Rick-and-MortyUITests";
				PRODUCT_NAME = "$(TARGET_NAME)";
				SWIFT_VERSION = 5.0;
				TARGETED_DEVICE_FAMILY = "1,2";
				TEST_TARGET_NAME = "Rick and Morty";
			};
			name = Debug;
		};
		EA19BEBC2533F31A00395E8C /* Release */ = {
			isa = XCBuildConfiguration;
			buildSettings = {
				ALWAYS_EMBED_SWIFT_STANDARD_LIBRARIES = YES;
				CODE_SIGN_STYLE = Automatic;
				DEVELOPMENT_TEAM = YBCQX725KG;
				INFOPLIST_FILE = "Rick and MortyUITests/Info.plist";
				LD_RUNPATH_SEARCH_PATHS = (
					"$(inherited)",
					"@executable_path/Frameworks",
					"@loader_path/Frameworks",
				);
				PRODUCT_BUNDLE_IDENTIFIER = "kh.Rick-and-MortyUITests";
				PRODUCT_NAME = "$(TARGET_NAME)";
				SWIFT_VERSION = 5.0;
				TARGETED_DEVICE_FAMILY = "1,2";
				TEST_TARGET_NAME = "Rick and Morty";
			};
			name = Release;
		};
/* End XCBuildConfiguration section */

/* Begin XCConfigurationList section */
		EA19BE852533F31800395E8C /* Build configuration list for PBXProject "Rick and Morty" */ = {
			isa = XCConfigurationList;
			buildConfigurations = (
				EA19BEB22533F31A00395E8C /* Debug */,
				EA19BEB32533F31A00395E8C /* Release */,
			);
			defaultConfigurationIsVisible = 0;
			defaultConfigurationName = Release;
		};
		EA19BEB42533F31A00395E8C /* Build configuration list for PBXNativeTarget "Rick and Morty" */ = {
			isa = XCConfigurationList;
			buildConfigurations = (
				EA19BEB52533F31A00395E8C /* Debug */,
				EA19BEB62533F31A00395E8C /* Release */,
			);
			defaultConfigurationIsVisible = 0;
			defaultConfigurationName = Release;
		};
		EA19BEB72533F31A00395E8C /* Build configuration list for PBXNativeTarget "Rick and MortyTests" */ = {
			isa = XCConfigurationList;
			buildConfigurations = (
				EA19BEB82533F31A00395E8C /* Debug */,
				EA19BEB92533F31A00395E8C /* Release */,
			);
			defaultConfigurationIsVisible = 0;
			defaultConfigurationName = Release;
		};
		EA19BEBA2533F31A00395E8C /* Build configuration list for PBXNativeTarget "Rick and MortyUITests" */ = {
			isa = XCConfigurationList;
			buildConfigurations = (
				EA19BEBB2533F31A00395E8C /* Debug */,
				EA19BEBC2533F31A00395E8C /* Release */,
			);
			defaultConfigurationIsVisible = 0;
			defaultConfigurationName = Release;
		};
/* End XCConfigurationList section */
	};
	rootObject = EA19BE822533F31800395E8C /* Project object */;
}
